
Microsoft Visual Studio Solution File, Format Version 12.00
# Visual Studio Version 17
VisualStudioVersion = 17.1.32228.430
MinimumVisualStudioVersion = 10.0.40219.1
Project("{FAE04EC0-301F-11D3-BF4B-00C04F79EFBC}") = "Tirgul", "Tirgul\Tirgul.csproj", "{103B5A6A-8C15-4464-B1F3-F661590DB10F}"
EndProject
Global
	GlobalSection(SolutionConfigurationPlatforms) = preSolution
		Debug|Any CPU = Debug|Any CPU
		Release|Any CPU = Release|Any CPU
	EndGlobalSection
	GlobalSection(ProjectConfigurationPlatforms) = postSolution
		{103B5A6A-8C15-4464-B1F3-F661590DB10F}.Debug|Any CPU.ActiveCfg = Debug|Any CPU
		{103B5A6A-8C15-4464-B1F3-F661590DB10F}.Debug|Any CPU.Build.0 = Debug|Any CPU
		{103B5A6A-8C15-4464-B1F3-F661590DB10F}.Release|Any CPU.ActiveCfg = Release|Any CPU
		{103B5A6A-8C15-4464-B1F3-F661590DB10F}.Release|Any CPU.Build.0 = Release|Any CPU
	EndGlobalSection
	GlobalSection(SolutionProperties) = preSolution
		HideSolutionNode = FALSE
	EndGlobalSection
	GlobalSection(ExtensibilityGlobals) = postSolution
		SolutionGuid = {BAE656C3-0EC9-420A-90F7-6AD7579C76B0}
	EndGlobalSection
EndGlobal
